{
  "name": "Preference",
  "version": "0.0.1",
  "lockfileVersion": 1,
  "requires": true,
  "dependencies": {
    "absolute-path": {
      "version": "0.0.0",
      "resolved": "https://registry.npmjs.org/absolute-path/-/absolute-path-0.0.0.tgz",
      "integrity": "sha1-p4di+9rftSl76ZsV01p4Wy8JW/c="
    },
    "art": {
      "version": "0.10.1",
      "resolved": "https://registry.npmjs.org/art/-/art-0.10.1.tgz",
      "integrity": "sha1-OFQYg+OZIlxeGT/yRujxV897IUY="
    },
    "async": {
      "version": "2.4.1",
      "resolved": "https://registry.npmjs.org/async/-/async-2.4.1.tgz",
      "integrity": "sha1-YqVrJ5yYoR0JhwlqAcw+6463u9c="
    },
    "babel-core": {
      "version": "6.25.0",
      "resolved": "https://registry.npmjs.org/babel-core/-/babel-core-6.25.0.tgz",
      "integrity": "sha1-fdQrBGPHQunVKW3rPsZ6kyLa1yk=",
      "dependencies": {
        "json5": {
          "version": "0.5.1",
          "resolved": "https://registry.npmjs.org/json5/-/json5-0.5.1.tgz",
          "integrity": "sha1-Hq3nrMASA0rYTiOWdn6tn6VJWCE="
        }
      }
    },
    "babel-generator": {
      "version": "6.25.0",
      "resolved": "https://registry.npmjs.org/babel-generator/-/babel-generator-6.25.0.tgz",
      "integrity": "sha1-M6GvcNXyiQrrRlpKd5PB32qeqfw="
    },
    "babel-jest": {
      "version": "20.0.3",
      "resolved": "https://registry.npmjs.org/babel-jest/-/babel-jest-20.0.3.tgz",
      "integrity": "sha1-5KA7E9wQOJ4UD8ZF0J/8TO0wFnE=",
      "dev": true
    },
    "babel-plugin-check-es2015-constants": {
      "version": "6.22.0",
      "resolved": "https://registry.npmjs.org/babel-plugin-check-es2015-constants/-/babel-plugin-check-es2015-constants-6.22.0.tgz",
      "integrity": "sha1-NRV7EBQm/S/9PaP3XH0ekYNbv4o="
    },
    "babel-plugin-external-helpers": {
      "version": "6.22.0",
      "resolved": "https://registry.npmjs.org/babel-plugin-external-helpers/-/babel-plugin-external-helpers-6.22.0.tgz",
      "integrity": "sha1-IoX0iwK9Xe3oUXXK+MYuhq3M76E="
    },
    "babel-plugin-react-transform": {
      "version": "2.0.2",
      "resolved": "https://registry.npmjs.org/babel-plugin-react-transform/-/babel-plugin-react-transform-2.0.2.tgz",
      "integrity": "sha1-UVu/qZaJOYEULZCx+bFjXeKZUQk="
    },
    "babel-plugin-syntax-async-functions": {
      "version": "6.13.0",
      "resolved": "https://registry.npmjs.org/babel-plugin-syntax-async-functions/-/babel-plugin-syntax-async-functions-6.13.0.tgz",
      "integrity": "sha1-ytnK0RkbWtY0vzCuCHI5HgZHvpU="
    },
    "babel-plugin-syntax-class-properties": {
      "version": "6.13.0",
      "resolved": "https://registry.npmjs.org/babel-plugin-syntax-class-properties/-/babel-plugin-syntax-class-properties-6.13.0.tgz",
      "integrity": "sha1-1+sjt5oxf4VDlixQW4J8fWysJ94="
    },
    "babel-plugin-syntax-flow": {
      "version": "6.18.0",
      "resolved": "https://registry.npmjs.org/babel-plugin-syntax-flow/-/babel-plugin-syntax-flow-6.18.0.tgz",
      "integrity": "sha1-TDqyCiryaqIM0lmVw5jE63AxDI0="
    },
    "babel-plugin-syntax-jsx": {
      "version": "6.18.0",
      "resolved": "https://registry.npmjs.org/babel-plugin-syntax-jsx/-/babel-plugin-syntax-jsx-6.18.0.tgz",
      "integrity": "sha1-CvMqmm4Tyno/1QaeYtew9Y0NiUY="
    },
    "babel-plugin-syntax-trailing-function-commas": {
      "version": "6.22.0",
      "resolved": "https://registry.npmjs.org/babel-plugin-syntax-trailing-function-commas/-/babel-plugin-syntax-trailing-function-commas-6.22.0.tgz",
      "integrity": "sha1-ugNgk3+NBuQBgKQ/4NVhb/9TLPM="
    },
    "babel-plugin-transform-async-to-generator": {
      "version": "6.16.0",
      "resolved": "https://registry.npmjs.org/babel-plugin-transform-async-to-generator/-/babel-plugin-transform-async-to-generator-6.16.0.tgz",
      "integrity": "sha1-Gew2yxSGtZ+fRorfpCzhOQjKKZk="
    },
    "babel-plugin-transform-class-properties": {
      "version": "6.24.1",
      "resolved": "https://registry.npmjs.org/babel-plugin-transform-class-properties/-/babel-plugin-transform-class-properties-6.24.1.tgz",
      "integrity": "sha1-anl2PqYdM9NvN7YRqp3vgagbRqw="
    },
    "babel-plugin-transform-es2015-arrow-functions": {
      "version": "6.22.0",
      "resolved": "https://registry.npmjs.org/babel-plugin-transform-es2015-arrow-functions/-/babel-plugin-transform-es2015-arrow-functions-6.22.0.tgz",
      "integrity": "sha1-RSaSy3EdX3ncf4XkQM5BufJE0iE="
    },
    "babel-plugin-transform-es2015-block-scoping": {
      "version": "6.24.1",
      "resolved": "https://registry.npmjs.org/babel-plugin-transform-es2015-block-scoping/-/babel-plugin-transform-es2015-block-scoping-6.24.1.tgz",
      "integrity": "sha1-dsKV3DpHQbFmWt/TFnIV3P8ypXY="
    },
    "babel-plugin-transform-es2015-classes": {
      "version": "6.24.1",
      "resolved": "https://registry.npmjs.org/babel-plugin-transform-es2015-classes/-/babel-plugin-transform-es2015-classes-6.24.1.tgz",
      "integrity": "sha1-WkxYpQyclGHlZLSyo7+ryXolhNs="
    },
    "babel-plugin-transform-es2015-computed-properties": {
      "version": "6.24.1",
      "resolved": "https://registry.npmjs.org/babel-plugin-transform-es2015-computed-properties/-/babel-plugin-transform-es2015-computed-properties-6.24.1.tgz",
      "integrity": "sha1-b+Ko0WiV1WNPTNmZttNICjCBWbM="
    },
    "babel-plugin-transform-es2015-destructuring": {
      "version": "6.23.0",
      "resolved": "https://registry.npmjs.org/babel-plugin-transform-es2015-destructuring/-/babel-plugin-transform-es2015-destructuring-6.23.0.tgz",
      "integrity": "sha1-mXux8auWf2gtKwh2/jWNYOdlxW0="
    },
    "babel-plugin-transform-es2015-for-of": {
      "version": "6.23.0",
      "resolved": "https://registry.npmjs.org/babel-plugin-transform-es2015-for-of/-/babel-plugin-transform-es2015-for-of-6.23.0.tgz",
      "integrity": "sha1-9HyVsrYT3x0+zC/bdXNiPHUkhpE="
    },
    "babel-plugin-transform-es2015-function-name": {
      "version": "6.24.1",
      "resolved": "https://registry.npmjs.org/babel-plugin-transform-es2015-function-name/-/babel-plugin-transform-es2015-function-name-6.24.1.tgz",
      "integrity": "sha1-g0yJhTvDaxrw86TF26qU/Y6sqos="
    },
    "babel-plugin-transform-es2015-literals": {
      "version": "6.22.0",
      "resolved": "https://registry.npmjs.org/babel-plugin-transform-es2015-literals/-/babel-plugin-transform-es2015-literals-6.22.0.tgz",
      "integrity": "sha1-T1SgLWzWbPkVKAAZox0xklN3yi4="
    },
    "babel-plugin-transform-es2015-modules-commonjs": {
      "version": "6.24.1",
      "resolved": "https://registry.npmjs.org/babel-plugin-transform-es2015-modules-commonjs/-/babel-plugin-transform-es2015-modules-commonjs-6.24.1.tgz",
      "integrity": "sha1-0+MQtA72ZKNmIiAAl8bUQCmPK/4="
    },
    "babel-plugin-transform-es2015-parameters": {
      "version": "6.24.1",
      "resolved": "https://registry.npmjs.org/babel-plugin-transform-es2015-parameters/-/babel-plugin-transform-es2015-parameters-6.24.1.tgz",
      "integrity": "sha1-V6w1GrScrxSpfNE7CfZv3wpiXys="
    },
    "babel-plugin-transform-es2015-shorthand-properties": {
      "version": "6.24.1",
      "resolved": "https://registry.npmjs.org/babel-plugin-transform-es2015-shorthand-properties/-/babel-plugin-transform-es2015-shorthand-properties-6.24.1.tgz",
      "integrity": "sha1-JPh11nIch2YbvZmkYi5R8U3jiqA="
    },
    "babel-plugin-transform-es2015-spread": {
      "version": "6.22.0",
      "resolved": "https://registry.npmjs.org/babel-plugin-transform-es2015-spread/-/babel-plugin-transform-es2015-spread-6.22.0.tgz",
      "integrity": "sha1-1taKmfia7cRTbIGlQujdnxdG+NE="
    },
    "babel-plugin-transform-es2015-template-literals": {
      "version": "6.22.0",
      "resolved": "https://registry.npmjs.org/babel-plugin-transform-es2015-template-literals/-/babel-plugin-transform-es2015-template-literals-6.22.0.tgz",
      "integrity": "sha1-qEs0UPfp+PH2g51taH2oS7EjbY0="
    },
    "babel-plugin-transform-flow-strip-types": {
      "version": "6.22.0",
      "resolved": "https://registry.npmjs.org/babel-plugin-transform-flow-strip-types/-/babel-plugin-transform-flow-strip-types-6.22.0.tgz",
      "integrity": "sha1-hMtnKTXUNxT9wyvOhFaNh0Qc988="
    },
    "babel-plugin-transform-object-assign": {
      "version": "6.22.0",
      "resolved": "https://registry.npmjs.org/babel-plugin-transform-object-assign/-/babel-plugin-transform-object-assign-6.22.0.tgz",
      "integrity": "sha1-+Z0vZvGgsNSY40bFNZaEdAyqILo="
    },
    "babel-plugin-transform-object-rest-spread": {
      "version": "6.23.0",
      "resolved": "https://registry.npmjs.org/babel-plugin-transform-object-rest-spread/-/babel-plugin-transform-object-rest-spread-6.23.0.tgz",
      "integrity": "sha1-h11ryb52HFiirj/u5dxIldjH+SE="
    },
    "babel-plugin-transform-react-display-name": {
      "version": "6.25.0",
      "resolved": "https://registry.npmjs.org/babel-plugin-transform-react-display-name/-/babel-plugin-transform-react-display-name-6.25.0.tgz",
      "integrity": "sha1-Z+K/Hx6ck6sI25Z5LgU5K/LMKNE="
    },
    "babel-plugin-transform-react-jsx": {
      "version": "6.24.1",
      "resolved": "https://registry.npmjs.org/babel-plugin-transform-react-jsx/-/babel-plugin-transform-react-jsx-6.24.1.tgz",
      "integrity": "sha1-hAoCjn30YN/DotKfDA2R9jduZqM="
    },
    "babel-plugin-transform-react-jsx-source": {
      "version": "6.22.0",
      "resolved": "https://registry.npmjs.org/babel-plugin-transform-react-jsx-source/-/babel-plugin-transform-react-jsx-source-6.22.0.tgz",
      "integrity": "sha1-ZqwSFT9c0tF7PBkmj0vwGX9E7NY="
    },
    "babel-plugin-transform-regenerator": {
      "version": "6.24.1",
      "resolved": "https://registry.npmjs.org/babel-plugin-transform-regenerator/-/babel-plugin-transform-regenerator-6.24.1.tgz",
      "integrity": "sha1-uNowWtQ8PJm0hI5P5AN7dw0jxBg="
    },
    "babel-polyfill": {
      "version": "6.23.0",
      "resolved": "https://registry.npmjs.org/babel-polyfill/-/babel-polyfill-6.23.0.tgz",
      "integrity": "sha1-g2TKYt+Or7gwSZ9pkXdGbDsDSZ0=",
      "dependencies": {
        "regenerator-runtime": {
          "version": "0.10.5",
          "resolved": "https://registry.npmjs.org/regenerator-runtime/-/regenerator-runtime-0.10.5.tgz",
          "integrity": "sha1-M2w+/BIgrc7dosn6tntaeVWjNlg="
        }
      }
    },
    "babel-preset-es2015-node": {
      "version": "6.1.1",
      "resolved": "https://registry.npmjs.org/babel-preset-es2015-node/-/babel-preset-es2015-node-6.1.1.tgz",
      "integrity": "sha1-YLIxVwJLDP6/OmNVTLBe4DW05V8="
    },
    "babel-preset-fbjs": {
      "version": "2.1.3",
      "resolved": "https://registry.npmjs.org/babel-preset-fbjs/-/babel-preset-fbjs-2.1.3.tgz",
      "integrity": "sha1-AFGXzSzgb8NstJMHGxXXFb2Zwic="
    },
    "babel-preset-react-native": {
      "version": "2.0.0",
      "resolved": "https://registry.npmjs.org/babel-preset-react-native/-/babel-preset-react-native-2.0.0.tgz",
      "integrity": "sha1-wmxwZsc5nfMJJvoDwBLvh/LM5bc=",
      "dev": true
    },
    "babel-register": {
      "version": "6.24.1",
      "resolved": "https://registry.npmjs.org/babel-register/-/babel-register-6.24.1.tgz",
      "integrity": "sha1-fhDhOi9xBlvfrVoXh7pFvKbe118="
    },
    "babel-runtime": {
      "version": "6.23.0",
      "resolved": "https://registry.npmjs.org/babel-runtime/-/babel-runtime-6.23.0.tgz",
      "integrity": "sha1-CpSJ8UTecO+zzkMArM2zKeL8VDs=",
      "dependencies": {
        "regenerator-runtime": {
          "version": "0.10.5",
          "resolved": "https://registry.npmjs.org/regenerator-runtime/-/regenerator-runtime-0.10.5.tgz",
          "integrity": "sha1-M2w+/BIgrc7dosn6tntaeVWjNlg="
        }
      }
    },
    "babel-traverse": {
      "version": "6.25.0",
      "resolved": "https://registry.npmjs.org/babel-traverse/-/babel-traverse-6.25.0.tgz",
      "integrity": "sha1-IldJfi/NGbie3BPEyROB+VEklvE="
    },
    "babel-types": {
      "version": "6.25.0",
      "resolved": "https://registry.npmjs.org/babel-types/-/babel-types-6.25.0.tgz",
      "integrity": "sha1-cK+ySNVmDl0Y+BHZHIMDtUE0oY4="
    },
    "babylon": {
      "version": "6.17.3",
      "resolved": "https://registry.npmjs.org/babylon/-/babylon-6.17.3.tgz",
      "integrity": "sha512-mq0x3HCAGGmQyZXviOVe5TRsw37Ijy3D43jCqt/9WVf+onx2dUgW3PosnqCbScAFhRO9DGs8nxoMzU0iiosMqQ=="
    },
    "base64-js": {
      "version": "1.2.0",
      "resolved": "https://registry.npmjs.org/base64-js/-/base64-js-1.2.0.tgz",
      "integrity": "sha1-o5mS1yNYSBGYK+XikLtqU9hnAPE="
    },
    "bser": {
      "version": "1.0.3",
      "resolved": "https://registry.npmjs.org/bser/-/bser-1.0.3.tgz",
      "integrity": "sha1-1j2hnuFzMKDiYNKjRCKyGolSAxc="
    },
    "chalk": {
      "version": "1.1.3",
      "resolved": "https://registry.npmjs.org/chalk/-/chalk-1.1.3.tgz",
      "integrity": "sha1-qBFcVeSnAv5NFQq9OHKCKn4J/Jg="
    },
    "commander": {
      "version": "2.9.0",
      "resolved": "https://registry.npmjs.org/commander/-/commander-2.9.0.tgz",
      "integrity": "sha1-nJkJQXbhIkDLItbFFGCYQA/g99Q="
    },
    "concat-stream": {
      "version": "1.6.0",
      "resolved": "https://registry.npmjs.org/concat-stream/-/concat-stream-1.6.0.tgz",
      "integrity": "sha1-CqxmL9Ur54lk1VMvaUeE5wEQrPc="
    },
    "connect": {
      "version": "2.30.2",
      "resolved": "https://registry.npmjs.org/connect/-/connect-2.30.2.tgz",
      "integrity": "sha1-jam8vooFTT0xjXTf7JA7XDmhtgk=",
      "dependencies": {
        "ms": {
          "version": "0.7.1",
          "resolved": "https://registry.npmjs.org/ms/-/ms-0.7.1.tgz",
          "integrity": "sha1-nNE8A62/8ltl7/3nzoZO6VIBcJg="
        }
      }
    },
    "core-js": {
      "version": "2.4.1",
      "resolved": "https://registry.npmjs.org/core-js/-/core-js-2.4.1.tgz",
      "integrity": "sha1-TekR5mew6ukSTjQlS1OupvxhjT4="
    },
    "debug": {
      "version": "2.6.9",
      "resolved": "https://registry.npmjs.org/debug/-/debug-2.6.9.tgz",
      "integrity": "sha512-bC7ElrdJaJnPbAP+1EotYvqZsb3ecl5wi6Bfi6BJTUcNowp6cvspg0jXznRTKDjm/E7AdgFBVeAPVMNcKGsHMA==",
      "requires": {
        "ms": "2.0.0"
      }
    },
    "denodeify": {
      "version": "1.2.1",
      "resolved": "https://registry.npmjs.org/denodeify/-/denodeify-1.2.1.tgz",
      "integrity": "sha1-OjYof1A05pnnV3kBBSwubJQlFjE="
    },
    "event-target-shim": {
      "version": "1.1.1",
      "resolved": "https://registry.npmjs.org/event-target-shim/-/event-target-shim-1.1.1.tgz",
      "integrity": "sha1-qG5e5r2qFgVEddp5fM3fDFVphJE="
    },
    "fbjs": {
      "version": "0.8.12",
      "resolved": "https://registry.npmjs.org/fbjs/-/fbjs-0.8.12.tgz",
      "integrity": "sha1-ELXZL3bUVXX9Y6IX1OoCvqL47QQ=",
      "dependencies": {
        "core-js": {
          "version": "1.2.7",
          "resolved": "https://registry.npmjs.org/core-js/-/core-js-1.2.7.tgz",
          "integrity": "sha1-ZSKUwUZR2yj6k70tX/KYOk8IxjY="
        }
      }
    },
    "fbjs-scripts": {
      "version": "0.7.1",
      "resolved": "https://registry.npmjs.org/fbjs-scripts/-/fbjs-scripts-0.7.1.tgz",
      "integrity": "sha1-TxFeIY4kPjrdvw7dqsHjxi9wP6w=",
      "dependencies": {
        "babel-preset-fbjs": {
          "version": "1.0.0",
          "resolved": "https://registry.npmjs.org/babel-preset-fbjs/-/babel-preset-fbjs-1.0.0.tgz",
          "integrity": "sha1-yXLlybMB1OyeeXH0rsPhSsAXqLA="
        },
        "core-js": {
          "version": "1.2.7",
          "resolved": "https://registry.npmjs.org/core-js/-/core-js-1.2.7.tgz",
          "integrity": "sha1-ZSKUwUZR2yj6k70tX/KYOk8IxjY="
        }
      }
    },
    "form-data": {
      "version": "2.2.0",
      "resolved": "https://registry.npmjs.org/form-data/-/form-data-2.2.0.tgz",
      "integrity": "sha1-ml47kpX5gLJiPPZPojixTOvKcHs=",
      "dependencies": {
        "mime-types": {
          "version": "2.1.15",
          "resolved": "https://registry.npmjs.org/mime-types/-/mime-types-2.1.15.tgz",
          "integrity": "sha1-pOv1BkCUVpI3uM9wBGd20J/JKu0="
        }
      }
    },
    "fs-extra": {
      "version": "1.0.0",
      "resolved": "https://registry.npmjs.org/fs-extra/-/fs-extra-1.0.0.tgz",
      "integrity": "sha1-zTzl9+fLYUWIP8rjGR6Yd/hYeVA="
    },
    "glob": {
      "version": "7.1.2",
      "resolved": "https://registry.npmjs.org/glob/-/glob-7.1.2.tgz",
      "integrity": "sha512-MJTUg1kjuLeQCJ+ccE4Vpa6kKVXkPYJ2mOCQyUuKLcLQsdrMCpBPUi8qVE6+YuaJkozeA9NusTAw3hLr8Xe5EQ=="
    },
    "graceful-fs": {
      "version": "4.1.11",
      "resolved": "https://registry.npmjs.org/graceful-fs/-/graceful-fs-4.1.11.tgz",
      "integrity": "sha1-Dovf5NHduIVNZOBOp8AOKgJuVlg="
    },
    "image-size": {
      "version": "0.3.5",
      "resolved": "https://registry.npmjs.org/image-size/-/image-size-0.3.5.tgz",
      "integrity": "sha1-gyQOqy+1sAsEqrjHSwRx6cunrYw="
    },
    "immutable": {
      "version": "3.7.6",
      "resolved": "https://registry.npmjs.org/immutable/-/immutable-3.7.6.tgz",
      "integrity": "sha1-E7TTyxK++hVIKib+Gy665kAHHks="
    },
    "imurmurhash": {
      "version": "0.1.4",
      "resolved": "https://registry.npmjs.org/imurmurhash/-/imurmurhash-0.1.4.tgz",
      "integrity": "sha1-khi5srkoojixPcT7a21XbyMUU+o="
    },
    "inquirer": {
      "version": "0.12.0",
      "resolved": "https://registry.npmjs.org/inquirer/-/inquirer-0.12.0.tgz",
      "integrity": "sha1-HvK/1jUE3wvHV4X/+MLEHfEvB34="
    },
    "jest": {
      "version": "20.0.4",
      "resolved": "https://registry.npmjs.org/jest/-/jest-20.0.4.tgz",
      "integrity": "sha1-PdJgwpidba1nix6cxNkZRPbWAqw=",
      "dev": true,
      "dependencies": {
        "camelcase": {
          "version": "3.0.0",
          "resolved": "https://registry.npmjs.org/camelcase/-/camelcase-3.0.0.tgz",
          "integrity": "sha1-MvxLn82vhF/N9+c7uXysImHwqwo="
        },
        "cliui": {
          "version": "3.2.0",
          "resolved": "https://registry.npmjs.org/cliui/-/cliui-3.2.0.tgz",
          "integrity": "sha1-EgYBU3qRbSmUD5NNo7SNWFo5IT0="
        },
        "jest-cli": {
          "version": "20.0.4",
          "resolved": "https://registry.npmjs.org/jest-cli/-/jest-cli-20.0.4.tgz",
          "integrity": "sha1-5TKxnYiuW8bEF+iwWTpv6VSx3JM="
        },
        "yargs": {
          "version": "7.1.0",
          "resolved": "https://registry.npmjs.org/yargs/-/yargs-7.1.0.tgz",
          "integrity": "sha1-a6MY6xaWFyf10oT46gA+jWFU0Mg="
        },
        "yargs-parser": {
          "version": "5.0.0",
          "resolved": "https://registry.npmjs.org/yargs-parser/-/yargs-parser-5.0.0.tgz",
          "integrity": "sha1-J17PDX/+Bcd+ZOfIbkzZS/DhIoo="
        }
      }
    },
    "jest-haste-map": {
      "version": "20.0.4",
      "resolved": "https://registry.npmjs.org/jest-haste-map/-/jest-haste-map-20.0.4.tgz",
      "integrity": "sha1-ZT61XIic48Ah97lGk/IKQVm63wM=",
      "dependencies": {
        "bser": {
          "version": "1.0.2",
          "resolved": "https://registry.npmjs.org/bser/-/bser-1.0.2.tgz",
          "integrity": "sha1-OBEWlwsqbe6lZG3RXdcnhES1YWk="
        },
        "sane": {
          "version": "1.6.0",
          "resolved": "https://registry.npmjs.org/sane/-/sane-1.6.0.tgz",
          "integrity": "sha1-lhDEUjB6E10pwf3+JUcDQYDEZ3U=",
          "dependencies": {
            "fb-watchman": {
              "version": "1.9.2",
              "resolved": "https://registry.npmjs.org/fb-watchman/-/fb-watchman-1.9.2.tgz",
              "integrity": "sha1-okz0eCf4LTj7Waaa1wt247auc4M="
            }
          }
        }
      }
    },
    "joi": {
      "version": "6.10.1",
      "resolved": "https://registry.npmjs.org/joi/-/joi-6.10.1.tgz",
      "integrity": "sha1-TVDDGAeRIgAP5fFq8f+OGRe3fgY="
    },
    "json-stable-stringify": {
      "version": "1.0.1",
      "resolved": "https://registry.npmjs.org/json-stable-stringify/-/json-stable-stringify-1.0.1.tgz",
      "integrity": "sha1-mnWdOcXy/1A/1TAGRu1EX4jE+a8="
    },
    "json5": {
      "version": "0.4.0",
      "resolved": "https://registry.npmjs.org/json5/-/json5-0.4.0.tgz",
      "integrity": "sha1-BUNS5MTIDIbAkjh31EneF2pzLI0="
    },
    "left-pad": {
      "version": "1.1.3",
      "resolved": "https://registry.npmjs.org/left-pad/-/left-pad-1.1.3.tgz",
      "integrity": "sha1-YS9hwDPzqeCOk58crr7qQbbzGZo="
    },
    "lodash": {
      "version": "4.17.4",
      "resolved": "https://registry.npmjs.org/lodash/-/lodash-4.17.4.tgz",
      "integrity": "sha1-eCA6TRwyiuHYbcpkYONptX9AVa4="
    },
    "mime": {
      "version": "1.3.6",
      "resolved": "https://registry.npmjs.org/mime/-/mime-1.3.6.tgz",
      "integrity": "sha1-WR2E02U6awtKO5343lqoEI5y5eA="
    },
    "mime-types": {
      "version": "2.1.11",
      "resolved": "https://registry.npmjs.org/mime-types/-/mime-types-2.1.11.tgz",
      "integrity": "sha1-wlnEcb2oCKhdbNGTtDCl+uRHOzw=",
      "dependencies": {
        "mime-db": {
          "version": "1.23.0",
          "resolved": "https://registry.npmjs.org/mime-db/-/mime-db-1.23.0.tgz",
          "integrity": "sha1-oxtAcK2uon1zLqMzdApk0OyaZlk="
        }
      }
    },
    "minimist": {
      "version": "1.2.0",
      "resolved": "https://registry.npmjs.org/minimist/-/minimist-1.2.0.tgz",
      "integrity": "sha1-o1AIsg9BOD7sH7kU9M1d95omQoQ="
    },
    "mkdirp": {
      "version": "0.5.1",
      "resolved": "https://registry.npmjs.org/mkdirp/-/mkdirp-0.5.1.tgz",
      "integrity": "sha1-MAV0OOrGz3+MR2fzhkjWaX11yQM=",
      "dependencies": {
        "minimist": {
          "version": "0.0.8",
          "resolved": "https://registry.npmjs.org/minimist/-/minimist-0.0.8.tgz",
          "integrity": "sha1-hX/Kv8M5fSYluCKCYuhqp6ARsF0="
        }
      }
    },
    "ms": {
      "version": "2.0.0",
      "resolved": "https://registry.npmjs.org/ms/-/ms-2.0.0.tgz",
      "integrity": "sha1-VgiurfwAvmwpAd9fmGF4jeDVl8g="
    },
    "node-fetch": {
      "version": "1.7.1",
      "resolved": "https://registry.npmjs.org/node-fetch/-/node-fetch-1.7.1.tgz",
      "integrity": "sha512-j8XsFGCLw79vWXkZtMSmmLaOk9z5SQ9bV/tkbZVCqvgwzrjAGq66igobLofHtF63NvMTp2WjytpsNTGKa+XRIQ=="
    },
    "npmlog": {
      "version": "2.0.4",
      "resolved": "https://registry.npmjs.org/npmlog/-/npmlog-2.0.4.tgz",
      "integrity": "sha1-mLUlMPJRTKkNCexbIsiEZyI3VpI="
    },
    "opn": {
      "version": "3.0.3",
      "resolved": "https://registry.npmjs.org/opn/-/opn-3.0.3.tgz",
      "integrity": "sha1-ttmec5n3jWXDuq/+8fsojpuFJDo="
    },
    "optimist": {
      "version": "0.6.1",
      "resolved": "https://registry.npmjs.org/optimist/-/optimist-0.6.1.tgz",
      "integrity": "sha1-2j6nRob6IaGaERwybpDrFaAZZoY=",
      "dependencies": {
        "minimist": {
          "version": "0.0.10",
          "resolved": "https://registry.npmjs.org/minimist/-/minimist-0.0.10.tgz",
          "integrity": "sha1-3j+YVD2/lggr5IrRoMfNqDYwHc8="
        },
        "wordwrap": {
          "version": "0.0.3",
          "resolved": "https://registry.npmjs.org/wordwrap/-/wordwrap-0.0.3.tgz",
          "integrity": "sha1-o9XabNXAvAAI03I0u68b7WMFkQc="
        }
      }
    },
    "options": {
      "version": "0.0.6",
      "resolved": "https://registry.npmjs.org/options/-/options-0.0.6.tgz",
      "integrity": "sha1-7CLTEoBrtT5zF3Pnza788cZDEo8="
    },
    "plist": {
      "version": "1.2.0",
      "resolved": "https://registry.npmjs.org/plist/-/plist-1.2.0.tgz",
      "integrity": "sha1-CEtQk93JJQbiWfh0uNmxr7jHlZM=",
      "dependencies": {
        "base64-js": {
          "version": "0.0.8",
          "resolved": "https://registry.npmjs.org/base64-js/-/base64-js-0.0.8.tgz",
          "integrity": "sha1-EQHpVE9KdrG8OybUUsqW16NeeXg="
        }
      }
    },
    "pretty-format": {
      "version": "4.3.1",
      "resolved": "https://registry.npmjs.org/pretty-format/-/pretty-format-4.3.1.tgz",
      "integrity": "sha1-UwvlxCs8BbNkFKeipDN6qArNDo0="
    },
    "promise": {
      "version": "7.2.0",
      "resolved": "https://registry.npmjs.org/promise/-/promise-7.2.0.tgz",
      "integrity": "sha512-p0a1sxM7M6NQFdFiv9lkFsAkM4LKZO/OInzzaXAqaOKzeMTQFlQfoq7KGDAtHFnwpMCqd+ZlwVns8ykDDQOD3w=="
    },
    "react": {
      "version": "16.0.0-alpha.12",
      "resolved": "https://registry.npmjs.org/react/-/react-16.0.0-alpha.12.tgz",
      "integrity": "sha1-jFlIUoFIXfMZtvd2gtjdBiHAgZQ="
    },
    "react-clone-referenced-element": {
      "version": "1.0.1",
      "resolved": "https://registry.npmjs.org/react-clone-referenced-element/-/react-clone-referenced-element-1.0.1.tgz",
      "integrity": "sha1-K7qMaUBMXkqUQ5hgC8xMlB+GBoI="
    },
    "react-devtools-core": {
      "version": "2.3.3",
      "resolved": "https://registry.npmjs.org/react-devtools-core/-/react-devtools-core-2.3.3.tgz",
      "integrity": "sha1-OpUObyDyyOZ9BBnkKMhQDn2L80c="
    },
    "react-native": {
      "version": "0.44.3",
      "resolved": "https://registry.npmjs.org/react-native/-/react-native-0.44.3.tgz",
      "integrity": "sha1-BFUOHN/GGacS8/WWnWjNfC3EwHM=",
      "requires": {
        "absolute-path": "^0.0.0",
        "art": "^0.10.0",
        "async": "^2.0.1",
        "babel-core": "^6.21.0",
        "babel-generator": "^6.21.0",
        "babel-plugin-external-helpers": "^6.18.0",
        "babel-plugin-syntax-trailing-function-commas": "^6.20.0",
        "babel-plugin-transform-async-to-generator": "6.16.0",
        "babel-plugin-transform-flow-strip-types": "^6.21.0",
        "babel-plugin-transform-object-rest-spread": "^6.20.2",
        "babel-polyfill": "^6.20.0",
        "babel-preset-es2015-node": "^6.1.1",
        "babel-preset-fbjs": "^2.1.0",
        "babel-preset-react-native": "^1.9.1",
        "babel-register": "^6.18.0",
        "babel-runtime": "^6.20.0",
        "babel-traverse": "^6.21.0",
        "babel-types": "^6.21.0",
        "babylon": "^6.16.1",
        "base64-js": "^1.1.2",
        "bser": "^1.0.2",
        "chalk": "^1.1.1",
        "commander": "^2.9.0",
        "concat-stream": "^1.6.0",
        "connect": "^2.8.3",
        "core-js": "^2.2.2",
        "debug": "^2.2.0",
        "denodeify": "^1.2.1",
        "event-target-shim": "^1.0.5",
        "fbjs": "~0.8.9",
        "fbjs-scripts": "^0.7.0",
        "form-data": "^2.1.1",
        "fs-extra": "^1.0.0",
        "glob": "^7.1.1",
        "graceful-fs": "^4.1.3",
        "image-size": "^0.3.5",
        "immutable": "~3.7.6",
        "imurmurhash": "^0.1.4",
        "inquirer": "^0.12.0",
        "jest-haste-map": "^20.0.4",
        "joi": "^6.6.1",
        "json-stable-stringify": "^1.0.1",
        "json5": "^0.4.0",
        "left-pad": "^1.1.3",
        "lodash": "^4.16.6",
        "mime": "^1.3.4",
        "mime-types": "2.1.11",
        "minimist": "^1.2.0",
        "mkdirp": "^0.5.1",
        "node-fetch": "^1.3.3",
        "npmlog": "^2.0.4",
        "opn": "^3.0.2",
        "optimist": "^0.6.1",
        "plist": "^1.2.0",
        "pretty-format": "^4.2.1",
        "promise": "^7.1.1",
        "react-clone-referenced-element": "^1.0.1",
        "react-devtools-core": "^2.0.8",
        "react-timer-mixin": "^0.13.2",
        "react-transform-hmr": "^1.0.4",
        "rebound": "^0.0.13",
        "regenerator-runtime": "^0.9.5",
        "request": "^2.79.0",
        "rimraf": "^2.5.4",
        "sane": "~1.4.1",
        "semver": "^5.0.3",
        "shell-quote": "1.6.1",
        "source-map": "^0.5.6",
        "stacktrace-parser": "^0.1.3",
        "temp": "0.8.3",
        "throat": "^3.0.0",
        "uglify-js": "2.7.5",
        "whatwg-fetch": "^1.0.0",
        "wordwrap": "^1.0.0",
        "worker-farm": "^1.3.1",
        "write-file-atomic": "^1.2.0",
        "ws": "^1.1.0",
        "xcode": "^0.9.1",
        "xmldoc": "^0.4.0",
        "xpipe": "^1.0.5",
        "yargs": "^6.4.0"
      },
      "dependencies": {
        "babel-preset-react-native": {
          "version": "1.9.2",
          "resolved": "https://registry.npmjs.org/babel-preset-react-native/-/babel-preset-react-native-1.9.2.tgz",
          "integrity": "sha1-sird0uNV/zs5Zxt5voB+Ut+hRfI=",
          "requires": {
            "babel-plugin-check-es2015-constants": "^6.5.0",
            "babel-plugin-react-transform": "2.0.2",
            "babel-plugin-syntax-async-functions": "^6.5.0",
            "babel-plugin-syntax-class-properties": "^6.5.0",
            "babel-plugin-syntax-flow": "^6.5.0",
            "babel-plugin-syntax-jsx": "^6.5.0",
            "babel-plugin-syntax-trailing-function-commas": "^6.5.0",
            "babel-plugin-transform-class-properties": "^6.5.0",
            "babel-plugin-transform-es2015-arrow-functions": "^6.5.0",
            "babel-plugin-transform-es2015-block-scoping": "^6.5.0",
            "babel-plugin-transform-es2015-classes": "^6.5.0",
            "babel-plugin-transform-es2015-computed-properties": "^6.5.0",
            "babel-plugin-transform-es2015-destructuring": "^6.5.0",
            "babel-plugin-transform-es2015-for-of": "^6.5.0",
            "babel-plugin-transform-es2015-function-name": "^6.5.0",
            "babel-plugin-transform-es2015-literals": "^6.5.0",
            "babel-plugin-transform-es2015-modules-commonjs": "^6.5.0",
            "babel-plugin-transform-es2015-parameters": "^6.5.0",
            "babel-plugin-transform-es2015-shorthand-properties": "^6.5.0",
            "babel-plugin-transform-es2015-spread": "^6.5.0",
            "babel-plugin-transform-es2015-template-literals": "^6.5.0",
            "babel-plugin-transform-flow-strip-types": "^6.5.0",
            "babel-plugin-transform-object-assign": "^6.5.0",
            "babel-plugin-transform-object-rest-spread": "^6.5.0",
            "babel-plugin-transform-react-display-name": "^6.5.0",
            "babel-plugin-transform-react-jsx": "^6.5.0",
            "babel-plugin-transform-react-jsx-source": "^6.5.0",
            "babel-plugin-transform-regenerator": "^6.5.0",
            "react-transform-hmr": "^1.0.4"
          }
        }
      }
    },
    "react-native-preference": {
      "version": "file:.."
    },
    "react-timer-mixin": {
      "version": "0.13.3",
      "resolved": "https://registry.npmjs.org/react-timer-mixin/-/react-timer-mixin-0.13.3.tgz",
      "integrity": "sha1-Dai5+AfsB9w+hU0ILHN8ZWBbPSI="
    },
    "react-transform-hmr": {
      "version": "1.0.4",
      "resolved": "https://registry.npmjs.org/react-transform-hmr/-/react-transform-hmr-1.0.4.tgz",
      "integrity": "sha1-4aQL0Krvxy6N/Xp82gmvhQZjl7s="
    },
    "rebound": {
      "version": "0.0.13",
      "resolved": "https://registry.npmjs.org/rebound/-/rebound-0.0.13.tgz",
      "integrity": "sha1-SiJSVMr32nVnl7GcWBe/enlB+sE="
    },
    "regenerator-runtime": {
      "version": "0.9.6",
      "resolved": "https://registry.npmjs.org/regenerator-runtime/-/regenerator-runtime-0.9.6.tgz",
      "integrity": "sha1-0z65XQ0gAaS+OWWXB8UbDLcc4Ck="
    },
    "request": {
      "version": "2.81.0",
      "resolved": "https://registry.npmjs.org/request/-/request-2.81.0.tgz",
      "integrity": "sha1-xpKJRqDgbF+Nb4qTM0af/aRimKA=",
      "dependencies": {
        "form-data": {
          "version": "2.1.4",
          "resolved": "https://registry.npmjs.org/form-data/-/form-data-2.1.4.tgz",
          "integrity": "sha1-M8GDrPGTJ27KqYFDpp6Uv+4XUNE=",
          "dependencies": {
            "mime-types": {
              "version": "2.1.15",
              "resolved": "https://registry.npmjs.org/mime-types/-/mime-types-2.1.15.tgz",
              "integrity": "sha1-pOv1BkCUVpI3uM9wBGd20J/JKu0="
            }
          }
        },
        "qs": {
          "version": "6.4.0",
          "resolved": "https://registry.npmjs.org/qs/-/qs-6.4.0.tgz",
          "integrity": "sha1-E+JtKK1rD/qpExLNO/cI7TUecjM="
        }
      }
    },
    "rimraf": {
      "version": "2.6.1",
      "resolved": "https://registry.npmjs.org/rimraf/-/rimraf-2.6.1.tgz",
      "integrity": "sha1-wjOOxkPfeht/5cVPqG9XQopV8z0="
    },
    "sane": {
      "version": "1.4.1",
      "resolved": "https://registry.npmjs.org/sane/-/sane-1.4.1.tgz",
      "integrity": "sha1-iPdj10BA9fDCVrYWPbOZvxEKxxU=",
      "dependencies": {
        "bser": {
          "version": "1.0.2",
          "resolved": "https://registry.npmjs.org/bser/-/bser-1.0.2.tgz",
          "integrity": "sha1-OBEWlwsqbe6lZG3RXdcnhES1YWk="
        },
        "fb-watchman": {
          "version": "1.9.2",
          "resolved": "https://registry.npmjs.org/fb-watchman/-/fb-watchman-1.9.2.tgz",
          "integrity": "sha1-okz0eCf4LTj7Waaa1wt247auc4M="
        }
      }
    },
    "semver": {
      "version": "5.3.0",
      "resolved": "https://registry.npmjs.org/semver/-/semver-5.3.0.tgz",
      "integrity": "sha1-myzl094C0XxgEq0yaqa00M9U+U8="
    },
    "shell-quote": {
      "version": "1.6.1",
      "resolved": "https://registry.npmjs.org/shell-quote/-/shell-quote-1.6.1.tgz",
      "integrity": "sha1-9HgZSczkAmlxJ0MOo7PFR29IF2c="
    },
    "source-map": {
      "version": "0.5.6",
      "resolved": "https://registry.npmjs.org/source-map/-/source-map-0.5.6.tgz",
      "integrity": "sha1-dc449SvwczxafwwRjYEzSiu19BI="
    },
    "stacktrace-parser": {
      "version": "0.1.4",
      "resolved": "https://registry.npmjs.org/stacktrace-parser/-/stacktrace-parser-0.1.4.tgz",
      "integrity": "sha1-ATl5IuX2Ls8whFUiyVxP4dJefU4="
    },
    "temp": {
      "version": "0.8.3",
      "resolved": "https://registry.npmjs.org/temp/-/temp-0.8.3.tgz",
      "integrity": "sha1-4Ma8TSa5AxJEEOT+2BEDAU38H1k=",
      "dependencies": {
        "rimraf": {
          "version": "2.2.8",
          "resolved": "https://registry.npmjs.org/rimraf/-/rimraf-2.2.8.tgz",
          "integrity": "sha1-5Dm+Kq7jJzIZUnMPmaiSnk/FBYI="
        }
      }
    },
    "throat": {
      "version": "3.2.0",
      "resolved": "https://registry.npmjs.org/throat/-/throat-3.2.0.tgz",
      "integrity": "sha512-/EY8VpvlqJ+sFtLPeOgc8Pl7kQVOWv0woD87KTXVHPIAE842FGT+rokxIhe8xIUP1cfgrkt0as0vDLjDiMtr8w=="
    },
    "uglify-js": {
      "version": "2.7.5",
      "resolved": "https://registry.npmjs.org/uglify-js/-/uglify-js-2.7.5.tgz",
      "integrity": "sha1-RhLAx7qu4rp8SH3kkErhIgefLKg=",
      "dependencies": {
        "async": {
          "version": "0.2.10",
          "resolved": "https://registry.npmjs.org/async/-/async-0.2.10.tgz",
          "integrity": "sha1-trvgsGdLnXGXCMo43owjfLUmw9E="
        },
        "yargs": {
          "version": "3.10.0",
          "resolved": "https://registry.npmjs.org/yargs/-/yargs-3.10.0.tgz",
          "integrity": "sha1-9+572FfdfB0tOMDnTvvWgdFDH9E="
        }
      }
    },
    "whatwg-fetch": {
      "version": "1.1.1",
      "resolved": "https://registry.npmjs.org/whatwg-fetch/-/whatwg-fetch-1.1.1.tgz",
      "integrity": "sha1-rDydOfMgxtzlM5lp0FTvQ90zMxk="
    },
    "wordwrap": {
      "version": "1.0.0",
      "resolved": "https://registry.npmjs.org/wordwrap/-/wordwrap-1.0.0.tgz",
      "integrity": "sha1-J1hIEIkUVqQXHI0CJkQa3pDLyus="
    },
    "worker-farm": {
      "version": "1.3.1",
      "resolved": "https://registry.npmjs.org/worker-farm/-/worker-farm-1.3.1.tgz",
      "integrity": "sha1-QzMRK7SbF6oFC4eJXKayys9A5f8="
    },
    "write-file-atomic": {
      "version": "1.3.4",
      "resolved": "https://registry.npmjs.org/write-file-atomic/-/write-file-atomic-1.3.4.tgz",
      "integrity": "sha1-+Aek8LHZ6ROuekgRLmzDrxmRtF8="
    },
    "ws": {
      "version": "1.1.5",
      "resolved": "https://registry.npmjs.org/ws/-/ws-1.1.5.tgz",
      "integrity": "sha512-o3KqipXNUdS7wpQzBHSe180lBGO60SoK0yVo3CYJgb2MkobuWuBX6dhkYP5ORCLd55y+SaflMOV5fqAB53ux4w==",
      "requires": {
        "options": ">=0.0.5",
        "ultron": "1.0.x"
      },
      "dependencies": {
        "ultron": {
          "version": "1.0.2",
          "resolved": "https://registry.npmjs.org/ultron/-/ultron-1.0.2.tgz",
          "integrity": "sha1-rOEWq1V80Zc4ak6I9GhTeMiy5Po="
        }
      }
    },
    "xcode": {
      "version": "0.9.3",
      "resolved": "https://registry.npmjs.org/xcode/-/xcode-0.9.3.tgz",
      "integrity": "sha1-kQqJwWrubMC0LKgFptC0z4chHPM="
    },
    "xmldoc": {
      "version": "0.4.0",
      "resolved": "https://registry.npmjs.org/xmldoc/-/xmldoc-0.4.0.tgz",
      "integrity": "sha1-0lciS+g5PqrL+DfvIn/Y7CWzaIg="
    },
    "xpipe": {
      "version": "1.0.5",
      "resolved": "https://registry.npmjs.org/xpipe/-/xpipe-1.0.5.tgz",
      "integrity": "sha1-jdi/Rfw/f1Xw4FS4ePQ6YmFNr98="
    },
    "yargs": {
      "version": "6.6.0",
      "resolved": "https://registry.npmjs.org/yargs/-/yargs-6.6.0.tgz",
      "integrity": "sha1-eC7CHvQDNF+DCoCMo9UTr1YGUgg=",
      "dependencies": {
        "camelcase": {
          "version": "3.0.0",
          "resolved": "https://registry.npmjs.org/camelcase/-/camelcase-3.0.0.tgz",
          "integrity": "sha1-MvxLn82vhF/N9+c7uXysImHwqwo="
        },
        "cliui": {
          "version": "3.2.0",
          "resolved": "https://registry.npmjs.org/cliui/-/cliui-3.2.0.tgz",
          "integrity": "sha1-EgYBU3qRbSmUD5NNo7SNWFo5IT0="
        }
      }
    }
  }
}
